
Microsoft Visual Studio Solution File, Format Version 12.00
# Visual Studio Version 16
VisualStudioVersion = 16.0.30114.105
MinimumVisualStudioVersion = 10.0.40219.1
Project("{9A19103F-16F7-4668-BE54-9A1E7A4F7556}") = "MongoDBUI", "MongoDBUI\MongoDBUI.csproj", "{2CA5BC18-6C5F-4E51-904B-5BA2F25AF236}"
EndProject
Project("{9A19103F-16F7-4668-BE54-9A1E7A4F7556}") = "DataAccessLibrary", "DataAccessLibrary\DataAccessLibrary.csproj", "{72CAAE94-5EC5-425B-9410-F05B9CEA481E}"
EndProject
Project("{FAE04EC0-301F-11D3-BF4B-00C04F79EFBC}") = "CosmosDBUI", "CosmosDBUI\CosmosDBUI.csproj", "{6538CA79-9B13-4A49-A110-8DAEA158CF90}"
EndProject
Project("{FAE04EC0-301F-11D3-BF4B-00C04F79EFBC}") = "SampleAPI", "SampleAPI\SampleAPI.csproj", "{BEB47B84-568F-4F97-A1DD-A4CBD727B061}"
EndProject
Global
	GlobalSection(SolutionConfigurationPlatforms) = preSolution
		Debug|Any CPU = Debug|Any CPU
		Release|Any CPU = Release|Any CPU
	EndGlobalSection
	GlobalSection(ProjectConfigurationPlatforms) = postSolution
		{2CA5BC18-6C5F-4E51-904B-5BA2F25AF236}.Debug|Any CPU.ActiveCfg = Debug|Any CPU
		{2CA5BC18-6C5F-4E51-904B-5BA2F25AF236}.Debug|Any CPU.Build.0 = Debug|Any CPU
		{2CA5BC18-6C5F-4E51-904B-5BA2F25AF236}.Release|Any CPU.ActiveCfg = Release|Any CPU
		{2CA5BC18-6C5F-4E51-904B-5BA2F25AF236}.Release|Any CPU.Build.0 = Release|Any CPU
		{72CAAE94-5EC5-425B-9410-F05B9CEA481E}.Debug|Any CPU.ActiveCfg = Debug|Any CPU
		{72CAAE94-5EC5-425B-9410-F05B9CEA481E}.Debug|Any CPU.Build.0 = Debug|Any CPU
		{72CAAE94-5EC5-425B-9410-F05B9CEA481E}.Release|Any CPU.ActiveCfg = Release|Any CPU
		{72CAAE94-5EC5-425B-9410-F05B9CEA481E}.Release|Any CPU.Build.0 = Release|Any CPU
		{6538CA79-9B13-4A49-A110-8DAEA158CF90}.Debug|Any CPU.ActiveCfg = Debug|Any CPU
		{6538CA79-9B13-4A49-A110-8DAEA158CF90}.Debug|Any CPU.Build.0 = Debug|Any CPU
		{6538CA79-9B13-4A49-A110-8DAEA158CF90}.Release|Any CPU.ActiveCfg = Release|Any CPU
		{6538CA79-9B13-4A49-A110-8DAEA158CF90}.Release|Any CPU.Build.0 = Release|Any CPU
		{BEB47B84-568F-4F97-A1DD-A4CBD727B061}.Debug|Any CPU.ActiveCfg = Debug|Any CPU
		{BEB47B84-568F-4F97-A1DD-A4CBD727B061}.Debug|Any CPU.Build.0 = Debug|Any CPU
		{BEB47B84-568F-4F97-A1DD-A4CBD727B061}.Release|Any CPU.ActiveCfg = Release|Any CPU
		{BEB47B84-568F-4F97-A1DD-A4CBD727B061}.Release|Any CPU.Build.0 = Release|Any CPU
	EndGlobalSection
	GlobalSection(SolutionProperties) = preSolution
		HideSolutionNode = FALSE
	EndGlobalSection
	GlobalSection(ExtensibilityGlobals) = postSolution
		SolutionGuid = {18F7EACE-43BE-4316-9FBD-A698479D5606}
	EndGlobalSection
EndGlobal
